
Microsoft Visual Studio Solution File, Format Version 12.00
# Visual Studio 15
VisualStudioVersion = 15.0.27703.2035
MinimumVisualStudioVersion = 10.0.40219.1
Project("{FAE04EC0-301F-11D3-BF4B-00C04F79EFBC}") = "IpScanner_Console", "IpScanner_Console\IpScanner_Console.csproj", "{C3689785-A8B5-4BA8-8C9B-6DB2E022B963}"
EndProject
Global
	GlobalSection(SolutionConfigurationPlatforms) = preSolution
		Debug|Any CPU = Debug|Any CPU
		Release|Any CPU = Release|Any CPU
	EndGlobalSection
	GlobalSection(ProjectConfigurationPlatforms) = postSolution
		{C3689785-A8B5-4BA8-8C9B-6DB2E022B963}.Debug|Any CPU.ActiveCfg = Debug|Any CPU
		{C3689785-A8B5-4BA8-8C9B-6DB2E022B963}.Debug|Any CPU.Build.0 = Debug|Any CPU
		{C3689785-A8B5-4BA8-8C9B-6DB2E022B963}.Release|Any CPU.ActiveCfg = Release|Any CPU
		{C3689785-A8B5-4BA8-8C9B-6DB2E022B963}.Release|Any CPU.Build.0 = Release|Any CPU
	EndGlobalSection
	GlobalSection(SolutionProperties) = preSolution
		HideSolutionNode = FALSE
	EndGlobalSection
	GlobalSection(ExtensibilityGlobals) = postSolution
		SolutionGuid = {7B8C2E87-BB32-4713-8D89-EFDE81C8446D}
	EndGlobalSection
EndGlobal
